
Microsoft Visual Studio Solution File, Format Version 12.00
# Visual Studio Version 17
VisualStudioVersion = 17.13.35931.197 d17.13
MinimumVisualStudioVersion = 10.0.40219.1
Project("{FAE04EC0-301F-11D3-BF4B-00C04F79EFBC}") = "DotNetPrivNupkgCiCdTest", "DotNetPrivNupkgCiCdTest\DotNetPrivNupkgCiCdTest.csproj", "{F30F4BE7-B764-4307-A614-F00E6625E26E}"
EndProject
Project("{FAE04EC0-301F-11D3-BF4B-00C04F79EFBC}") = "TestProject", "TestProject\TestProject.csproj", "{17841364-9D04-49D5-861A-A16F7EB07BB0}"
EndProject
Global
	GlobalSection(SolutionConfigurationPlatforms) = preSolution
		Debug|Any CPU = Debug|Any CPU
		Release|Any CPU = Release|Any CPU
	EndGlobalSection
	GlobalSection(ProjectConfigurationPlatforms) = postSolution
		{F30F4BE7-B764-4307-A614-F00E6625E26E}.Debug|Any CPU.ActiveCfg = Debug|Any CPU
		{F30F4BE7-B764-4307-A614-F00E6625E26E}.Debug|Any CPU.Build.0 = Debug|Any CPU
		{F30F4BE7-B764-4307-A614-F00E6625E26E}.Release|Any CPU.ActiveCfg = Release|Any CPU
		{F30F4BE7-B764-4307-A614-F00E6625E26E}.Release|Any CPU.Build.0 = Release|Any CPU
		{17841364-9D04-49D5-861A-A16F7EB07BB0}.Debug|Any CPU.ActiveCfg = Debug|Any CPU
		{17841364-9D04-49D5-861A-A16F7EB07BB0}.Debug|Any CPU.Build.0 = Debug|Any CPU
		{17841364-9D04-49D5-861A-A16F7EB07BB0}.Release|Any CPU.ActiveCfg = Release|Any CPU
		{17841364-9D04-49D5-861A-A16F7EB07BB0}.Release|Any CPU.Build.0 = Release|Any CPU
	EndGlobalSection
	GlobalSection(SolutionProperties) = preSolution
		HideSolutionNode = FALSE
	EndGlobalSection
	GlobalSection(ExtensibilityGlobals) = postSolution
		SolutionGuid = {41A7AED2-6681-4561-A79D-70CB4E1505E0}
	EndGlobalSection
EndGlobal
